<?xml version="1.0" encoding="utf-8"?>
<Project ToolsVersion="4.0" xmlns="http://schemas.microsoft.com/developer/msbuild/2003">
  <ItemGroup>
    <Filter Include="Common">
      <UniqueIdentifier>4ef86ab1-fcdd-43fa-9ecb-b6d653f7981a</UniqueIdentifier>
    </Filter>
    <Filter Include="Assets">
      <UniqueIdentifier>db005d0d-f658-4afa-9e92-5839d77c0150</UniqueIdentifier>
      <Extensions>bmp;fbx;gif;jpg;jpeg;tga;tiff;tif;png</Extensions>
    </Filter>
    <Filter Include="Content">
      <UniqueIdentifier>01b1aed3-d157-4d73-b086-bec3dcc4e885</UniqueIdentifier>
    </Filter>
    <ClInclude Include="Common\d3dx12.h">
      <Filter>Common</Filter>
    </ClInclude>
    <ClInclude Include="Common\DirectXHelper.h">
      <Filter>Common</Filter>
    </ClInclude>
    <ClInclude Include="Common\StepTimer.h">
      <Filter>Common</Filter>
    </ClInclude>
    <ClInclude Include="Common\DeviceResources.h">
      <Filter>Common</Filter>
    </ClInclude>
    <ClCompile Include="Common\DeviceResources.cpp">
      <Filter>Common</Filter>
    </ClCompile>
    <ClInclude Include="Content\Sample3DSceneRenderer.h">
      <Filter>Content</Filter>
    </ClInclude>
    <ClInclude Include="Content\ShaderStructures.h">
      <Filter>Content</Filter>
    </ClInclude>
    <ClCompile Include="Content\Sample3DSceneRenderer.cpp">
      <Filter>Content</Filter>
    </ClCompile>
    <Image Include="Assets\LockScreenLogo.scale-200.png">
      <Filter>Assets</Filter>
    </Image>
    <Image Include="Assets\SplashScreen.scale-200.png">
      <Filter>Assets</Filter>
    </Image>
    <Image Include="Assets\Square150x150Logo.scale-200.png">
      <Filter>Assets</Filter>
    </Image>
    <Image Include="Assets\Square44x44Logo.scale-200.png">
      <Filter>Assets</Filter>
    </Image>
    <Image Include="Assets\Square44x44Logo.targetsize-24_altform-unplated.png">
      <Filter>Assets</Filter>
    </Image>
    <Image Include="Assets\StoreLogo.png">
      <Filter>Assets</Filter>
    </Image>
    <Image Include="Assets\Wide310x150Logo.scale-200.png">
      <Filter>Assets</Filter>
    </Image>
    <Filter Include="ImGui">
      <UniqueIdentifier>{777cd28f-0ccf-41b7-a625-16b3711f198b}</UniqueIdentifier>
    </Filter>
    <Filter Include="Widget">
      <UniqueIdentifier>{11d98212-2138-4de5-8829-0b0bf7f1e898}</UniqueIdentifier>
    </Filter>
  </ItemGroup>
  <ItemGroup>
    <ClCompile Include="App.cpp" />
    <ClCompile Include="WidgetLayoutMain.cpp" />
    <ClCompile Include="pch.cpp" />
    <ClCompile Include="Imgui\imgui.cpp">
      <Filter>ImGui</Filter>
    </ClCompile>
    <ClCompile Include="Imgui\imgui_draw.cpp">
      <Filter>ImGui</Filter>
    </ClCompile>
    <ClCompile Include="Imgui\imgui_impl_dx12.cpp">
      <Filter>ImGui</Filter>
    </ClCompile>
    <ClCompile Include="Widget.cpp">
      <Filter>Widget</Filter>
    </ClCompile>
    <ClCompile Include="WindowRect.cpp">
      <Filter>Widget</Filter>
    </ClCompile>
    <ClCompile Include="PageWidget.cpp">
      <Filter>Widget</Filter>
    </ClCompile>
    <ClCompile Include="BoxWidget.cpp">
      <Filter>Widget</Filter>
    </ClCompile>
    <ClCompile Include="WidgetFactory.cpp">
      <Filter>Widget</Filter>
    </ClCompile>
    <ClCompile Include="WindowSize.cpp">
      <Filter>Widget</Filter>
    </ClCompile>
    <ClCompile Include="LayoutData.cpp">
      <Filter>Widget</Filter>
    </ClCompile>
    <ClCompile Include="AspectRatioWidget.cpp">
      <Filter>Widget</Filter>
    </ClCompile>
    <ClCompile Include="StackWidget.cpp">
      <Filter>Widget</Filter>
    </ClCompile>
    <ClCompile Include="WindowPos.cpp">
      <Filter>Widget</Filter>
    </ClCompile>
    <ClCompile Include="Common\DDSTextureLoader.cpp">
      <Filter>Common</Filter>
    </ClCompile>
  </ItemGroup>
  <ItemGroup>
    <ClInclude Include="App.h" />
    <ClInclude Include="WidgetLayoutMain.h" />
    <ClInclude Include="pch.h" />
    <ClInclude Include="Imgui\imconfig.h">
      <Filter>ImGui</Filter>
    </ClInclude>
    <ClInclude Include="Imgui\imgui.h">
      <Filter>ImGui</Filter>
    </ClInclude>
    <ClInclude Include="Imgui\imgui_impl_dx12.h">
      <Filter>ImGui</Filter>
    </ClInclude>
    <ClInclude Include="Imgui\imgui_internal.h">
      <Filter>ImGui</Filter>
    </ClInclude>
    <ClInclude Include="Imgui\stb_rect_pack.h">
      <Filter>ImGui</Filter>
    </ClInclude>
    <ClInclude Include="Imgui\stb_textedit.h">
      <Filter>ImGui</Filter>
    </ClInclude>
    <ClInclude Include="Imgui\stb_truetype.h">
      <Filter>ImGui</Filter>
    </ClInclude>
    <ClInclude Include="Widget.h">
      <Filter>Widget</Filter>
    </ClInclude>
    <ClInclude Include="WindowRect.h">
      <Filter>Widget</Filter>
    </ClInclude>
    <ClInclude Include="PageWidget.h">
      <Filter>Widget</Filter>
    </ClInclude>
    <ClInclude Include="BoxWidget.h">
      <Filter>Widget</Filter>
    </ClInclude>
    <ClInclude Include="IWidget.h">
      <Filter>Widget</Filter>
    </ClInclude>
    <ClInclude Include="WidgetFactory.h">
      <Filter>Widget</Filter>
    </ClInclude>
    <ClInclude Include="LayoutData.h">
      <Filter>Widget</Filter>
    </ClInclude>
    <ClInclude Include="Content\ShaderData.hlsl" />
    <ClInclude Include="AspectRatioWidget.h">
      <Filter>Widget</Filter>
    </ClInclude>
    <ClInclude Include="StackWidget.h">
      <Filter>Widget</Filter>
    </ClInclude>
    <ClInclude Include="WindowSize.h">
      <Filter>Widget</Filter>
    </ClInclude>
    <ClInclude Include="WindowPos.h">
      <Filter>Widget</Filter>
    </ClInclude>
    <ClInclude Include="Common\DDSTextureLoader.h">
      <Filter>Common</Filter>
    </ClInclude>
    <ClInclude Include="Common\dds.h">
      <Filter>Common</Filter>
    </ClInclude>
    <ClInclude Include="Common\LoaderHelpers.h">
      <Filter>Common</Filter>
    </ClInclude>
  </ItemGroup>
  <ItemGroup>
    <AppxManifest Include="Package.appxmanifest" />
  </ItemGroup>
  <ItemGroup>
    <None Include="WidgetLayout_TemporaryKey.pfx" />
  </ItemGroup>
  <ItemGroup>
    <FxCompile Include="Content\GeometryShader.hlsl">
      <Filter>Content</Filter>
    </FxCompile>
    <FxCompile Include="Content\VertexShader.hlsl">
      <Filter>Content</Filter>
    </FxCompile>
    <FxCompile Include="Content\PixelShader.hlsl">
      <Filter>Content</Filter>
    </FxCompile>
  </ItemGroup>
  <ItemGroup>
    <Image Include="Assets\bkg.DDS">
      <Filter>Content</Filter>
    </Image>
  </ItemGroup>
</Project>